{
  "version": 4,
  "terraform_version": "0.12.21",
  "serial": 25,
  "lineage": "5c030cd1-13a4-db39-7c22-8fc025c0a2e8",
  "outputs": {},
  "resources": [
    {
      "mode": "managed",
      "type": "aws_dynamodb_table",
      "name": "dynamodb-dev",
      "provider": "provider.aws.us-east-1",
      "instances": [
        {
          "schema_version": 1,
          "attributes": {
            "arn": "arn:aws:dynamodb:us-east-1:036526039637:table/GameScores",
            "attribute": [
              {
                "name": "GameTitle",
                "type": "S"
              },
              {
                "name": "UserId",
                "type": "S"
              }
            ],
            "billing_mode": "PAY_PER_REQUEST",
            "global_secondary_index": [],
            "hash_key": "UserId",
            "id": "GameScores",
            "local_secondary_index": [],
            "name": "GameScores",
            "point_in_time_recovery": [
              {
                "enabled": false
              }
            ],
            "range_key": "GameTitle",
            "read_capacity": 0,
            "server_side_encryption": [],
            "stream_arn": "",
            "stream_enabled": false,
            "stream_label": "",
            "stream_view_type": "",
            "tags": null,
            "timeouts": null,
            "ttl": [
              {
                "attribute_name": "",
                "enabled": false
              }
            ],
            "write_capacity": 0
          },
          "private": "eyJlMmJmYjczMC1lY2FhLTExZTYtOGY4OC0zNDM2M2JjN2M0YzAiOnsiY3JlYXRlIjo2MDAwMDAwMDAwMDAsImRlbGV0ZSI6NjAwMDAwMDAwMDAwLCJ1cGRhdGUiOjM2MDAwMDAwMDAwMDB9LCJzY2hlbWFfdmVyc2lvbiI6IjEifQ=="
        }
      ]
    },
    {
      "mode": "managed",
      "type": "aws_instance",
      "name": "DEV",
      "each": "list",
      "provider": "provider.aws.us-east-1",
      "instances": []
    },
    {
      "mode": "managed",
      "type": "aws_s3_bucket",
      "name": "vm-dev4",
      "provider": "provider.aws.us-east-1",
      "instances": [
        {
          "schema_version": 0,
          "attributes": {
            "acceleration_status": "",
            "acl": "private",
            "arn": "arn:aws:s3:::vm-dev4",
            "bucket": "vm-dev4",
            "bucket_domain_name": "vm-dev4.s3.amazonaws.com",
            "bucket_prefix": null,
            "bucket_regional_domain_name": "vm-dev4.s3.amazonaws.com",
            "cors_rule": [],
            "force_destroy": false,
            "hosted_zone_id": "Z3AQBSTGFYJSTF",
            "id": "vm-dev4",
            "lifecycle_rule": [],
            "logging": [],
            "object_lock_configuration": [],
            "policy": null,
            "region": "us-east-1",
            "replication_configuration": [],
            "request_payer": "BucketOwner",
            "server_side_encryption_configuration": [],
            "tags": {
              "Environment": "Dev",
              "Name": "vm-dev4"
            },
            "versioning": [
              {
                "enabled": false,
                "mfa_delete": false
              }
            ],
            "website": [],
            "website_domain": null,
            "website_endpoint": null
          },
          "private": "bnVsbA=="
        }
      ]
    },
    {
      "mode": "managed",
      "type": "aws_s3_bucket",
      "name": "vm-dev5",
      "provider": "provider.aws.us-east-1",
      "instances": [
        {
          "schema_version": 0,
          "attributes": {
            "acceleration_status": "",
            "acl": "private",
            "arn": "arn:aws:s3:::vm-dev5",
            "bucket": "vm-dev5",
            "bucket_domain_name": "vm-dev5.s3.amazonaws.com",
            "bucket_prefix": null,
            "bucket_regional_domain_name": "vm-dev5.s3.amazonaws.com",
            "cors_rule": [],
            "force_destroy": false,
            "hosted_zone_id": "Z3AQBSTGFYJSTF",
            "id": "vm-dev5",
            "lifecycle_rule": [],
            "logging": [],
            "object_lock_configuration": [],
            "policy": null,
            "region": "us-east-1",
            "replication_configuration": [],
            "request_payer": "BucketOwner",
            "server_side_encryption_configuration": [],
            "tags": {
              "Environment": "Dev",
              "Name": "vm-dev5"
            },
            "versioning": [
              {
                "enabled": false,
                "mfa_delete": false
              }
            ],
            "website": [],
            "website_domain": null,
            "website_endpoint": null
          },
          "private": "bnVsbA=="
        }
      ]
    },
    {
      "mode": "managed",
      "type": "aws_security_group",
      "name": "libera_http",
      "provider": "provider.aws",
      "instances": [
        {
          "schema_version": 1,
          "attributes": {
            "arn": "arn:aws:ec2:us-east-1:036526039637:security-group/sg-070c421e6e62301ea",
            "description": "libera_http",
            "egress": [],
            "id": "sg-070c421e6e62301ea",
            "ingress": [
              {
                "cidr_blocks": [
                  "191.183.198.226/32"
                ],
                "description": "",
                "from_port": 80,
                "ipv6_cidr_blocks": [],
                "prefix_list_ids": [],
                "protocol": "tcp",
                "security_groups": [],
                "self": false,
                "to_port": 80
              }
            ],
            "name": "libera_http",
            "name_prefix": null,
            "owner_id": "036526039637",
            "revoke_rules_on_delete": false,
            "tags": {
              "Name": "http"
            },
            "timeouts": null,
            "vpc_id": "vpc-c84129b2"
          },
          "private": "eyJlMmJmYjczMC1lY2FhLTExZTYtOGY4OC0zNDM2M2JjN2M0YzAiOnsiY3JlYXRlIjo2MDAwMDAwMDAwMDAsImRlbGV0ZSI6NjAwMDAwMDAwMDAwfSwic2NoZW1hX3ZlcnNpb24iOiIxIn0="
        }
      ]
    },
    {
      "mode": "managed",
      "type": "aws_security_group",
      "name": "libera_https",
      "provider": "provider.aws",
      "instances": [
        {
          "schema_version": 1,
          "attributes": {
            "arn": "arn:aws:ec2:us-east-1:036526039637:security-group/sg-0db23e1588b701503",
            "description": "libera_https",
            "egress": [],
            "id": "sg-0db23e1588b701503",
            "ingress": [
              {
                "cidr_blocks": [
                  "191.183.198.226/32"
                ],
                "description": "",
                "from_port": 443,
                "ipv6_cidr_blocks": [],
                "prefix_list_ids": [],
                "protocol": "tcp",
                "security_groups": [],
                "self": false,
                "to_port": 443
              }
            ],
            "name": "libera_https",
            "name_prefix": null,
            "owner_id": "036526039637",
            "revoke_rules_on_delete": false,
            "tags": {
              "Name": "https"
            },
            "timeouts": null,
            "vpc_id": "vpc-c84129b2"
          },
          "private": "eyJlMmJmYjczMC1lY2FhLTExZTYtOGY4OC0zNDM2M2JjN2M0YzAiOnsiY3JlYXRlIjo2MDAwMDAwMDAwMDAsImRlbGV0ZSI6NjAwMDAwMDAwMDAwfSwic2NoZW1hX3ZlcnNpb24iOiIxIn0="
        }
      ]
    },
    {
      "mode": "managed",
      "type": "aws_security_group",
      "name": "libera_oracle-us-east-1",
      "provider": "provider.aws.us-east-1",
      "instances": [
        {
          "schema_version": 1,
          "attributes": {
            "arn": "arn:aws:ec2:us-east-1:036526039637:security-group/sg-017db933b5efb1c15",
            "description": "libera_oracle_db",
            "egress": [],
            "id": "sg-017db933b5efb1c15",
            "ingress": [
              {
                "cidr_blocks": [
                  "191.183.198.226/32"
                ],
                "description": "",
                "from_port": 1521,
                "ipv6_cidr_blocks": [],
                "prefix_list_ids": [],
                "protocol": "tcp",
                "security_groups": [],
                "self": false,
                "to_port": 1521
              }
            ],
            "name": "libera_oracle_db",
            "name_prefix": null,
            "owner_id": "036526039637",
            "revoke_rules_on_delete": false,
            "tags": {
              "Name": "oracle_db"
            },
            "timeouts": null,
            "vpc_id": "vpc-c84129b2"
          },
          "private": "eyJlMmJmYjczMC1lY2FhLTExZTYtOGY4OC0zNDM2M2JjN2M0YzAiOnsiY3JlYXRlIjo2MDAwMDAwMDAwMDAsImRlbGV0ZSI6NjAwMDAwMDAwMDAwfSwic2NoZW1hX3ZlcnNpb24iOiIxIn0="
        }
      ]
    },
    {
      "mode": "managed",
      "type": "aws_security_group",
      "name": "libera_ssh-us-east-1",
      "provider": "provider.aws.us-east-1",
      "instances": [
        {
          "schema_version": 1,
          "attributes": {
            "arn": "arn:aws:ec2:us-east-1:036526039637:security-group/sg-02a6df2a2705eed88",
            "description": "libera_ssh",
            "egress": [],
            "id": "sg-02a6df2a2705eed88",
            "ingress": [
              {
                "cidr_blocks": [
                  "191.183.198.226/32"
                ],
                "description": "",
                "from_port": 22,
                "ipv6_cidr_blocks": [],
                "prefix_list_ids": [],
                "protocol": "tcp",
                "security_groups": [],
                "self": false,
                "to_port": 22
              }
            ],
            "name": "libera_ssh",
            "name_prefix": null,
            "owner_id": "036526039637",
            "revoke_rules_on_delete": false,
            "tags": {
              "Name": "ssh"
            },
            "timeouts": null,
            "vpc_id": "vpc-c84129b2"
          },
          "private": "eyJlMmJmYjczMC1lY2FhLTExZTYtOGY4OC0zNDM2M2JjN2M0YzAiOnsiY3JlYXRlIjo2MDAwMDAwMDAwMDAsImRlbGV0ZSI6NjAwMDAwMDAwMDAwfSwic2NoZW1hX3ZlcnNpb24iOiIxIn0="
        }
      ]
    }
  ]
}
